PODS:
  - AFNetworking (2.6.3):
    - AFNetworking/NSURLConnection (= 2.6.3)
    - AFNetworking/NSURLSession (= 2.6.3)
    - AFNetworking/Reachability (= 2.6.3)
    - AFNetworking/Security (= 2.6.3)
    - AFNetworking/Serialization (= 2.6.3)
    - AFNetworking/UIKit (= 2.6.3)
  - AFNetworking/NSURLConnection (2.6.3):
    - AFNetworking/Reachability
    - AFNetworking/Security
    - AFNetworking/Serialization
  - AFNetworking/NSURLSession (2.6.3):
    - AFNetworking/Reachability
    - AFNetworking/Security
    - AFNetworking/Serialization
  - AFNetworking/Reachability (2.6.3)
  - AFNetworking/Security (2.6.3)
  - AFNetworking/Serialization (2.6.3)
  - AFNetworking/UIKit (2.6.3):
    - AFNetworking/NSURLConnection
    - AFNetworking/NSURLSession
  - BaiduMapKit (2.10.2)
  - DACircularProgress (2.3.1)
  - FDStackView (1.0)
  - IQKeyboardManager (4.0.1)
  - LxDBAnything (1.1.0)
  - Masonry (0.6.4)
  - MBProgressHUD (0.9.2)
  - MJExtension (3.0.10)
  - MJRefresh (3.1.0)
  - MWPhotoBrowser (2.1.1):
    - DACircularProgress (~> 2.3)
    - MBProgressHUD (~> 0.9)
    - SDWebImage (!= 3.7.2, ~> 3.7)
  - RDVTabBarController (1.1.9)
  - ReactiveCocoa (2.5):
    - ReactiveCocoa/UI (= 2.5)
  - ReactiveCocoa/Core (2.5):
    - ReactiveCocoa/no-arc
  - ReactiveCocoa/no-arc (2.5)
  - ReactiveCocoa/UI (2.5):
    - ReactiveCocoa/Core
  - RMActionController (1.0.5)
  - RMDateSelectionViewController (2.0.3):
    - RMActionController (~> 1.0.5)
  - RMPickerViewController (2.0.3):
    - RMActionController (~> 1.0.5)
  - SDAutoLayout (1.52)
  - SDCycleScrollView (1.62):
    - SDWebImage (~> 3.7)
  - SDWebImage (3.7.5):
    - SDWebImage/Core (= 3.7.5)
  - SDWebImage/Core (3.7.5)
  - UITableView+FDTemplateLayoutCell (1.4)
  - YYModel (0.9.7)
  - YYWebImage (0.9.13)

DEPENDENCIES:
  - AFNetworking (~> 2.6.3)
  - BaiduMapKit
  - DACircularProgress
  - FDStackView (~> 1.0)
  - IQKeyboardManager
  - LxDBAnything (~> 1.1.0)
  - Masonry (~> 0.6.4)
  - MBProgressHUD (~> 0.9.2)
  - MJExtension
  - MJRefresh (~> 3.1.0)
  - MWPhotoBrowser (~> 2.1.1)
  - RDVTabBarController (~> 1.1.9)
  - ReactiveCocoa (~> 2.5)
  - RMDateSelectionViewController (~> 2.0.3)
  - RMPickerViewController (~> 2.0.3)
  - SDAutoLayout
  - SDCycleScrollView (~> 1.61)
  - UITableView+FDTemplateLayoutCell (~> 1.4)
  - YYModel (~> 0.9.7)
  - YYWebImage (~> 0.9.12)

SPEC CHECKSUMS:
  AFNetworking: cb8d14a848e831097108418f5d49217339d4eb60
  BaiduMapKit: b1706a062597c70ec62a0cca93212cba1d3017e1
  DACircularProgress: 4dd437c0fc3da5161cb289e07ac449493d41db71
  FDStackView: 3a4bbe0ce9c35e974246a585168b9da8c32213f1
  IQKeyboardManager: 0c11a0cb402a621f7aa1aff506f60ab6d2388969
  LxDBAnything: 154a2ad1ae32e70355d886b5443260543bb60c71
  Masonry: 281802d04d787ea2973179ee8bcb50500579ede2
  MBProgressHUD: 1569cf7ace17a8bac47aabfbb8580a49690386d1
  MJExtension: d86aacb740c87519d20e3cca55b6fa4be6cc7548
  MJRefresh: 743e6404967d1c2c688472ea3ecfde247d872db4
  MWPhotoBrowser: ba0d0c09ffda3a7ea10093518738c502c1c7141c
  RDVTabBarController: 67794f7a7a37f8e32f046f85ac67d06ab92d624a
  ReactiveCocoa: e2db045570aa97c695e7aa97c2bcab222ae51f4a
  RMActionController: b83653e7452ed51492094d65dc82151c36443c03
  RMDateSelectionViewController: 354a0f1fe40bac01054528b7a8735f2973bbd813
  RMPickerViewController: f774dbdfddfe819bbaf211d5719deebcbf1a55ed
  SDAutoLayout: 7c92e8f149059e80010507e471e1b4b6c85a62bb
  SDCycleScrollView: ae016cb4cc4036523917f146ede6f7b11d408f6a
  SDWebImage: 69c6303e3348fba97e03f65d65d4fbc26740f461
  UITableView+FDTemplateLayoutCell: 234e1582bcc4e18461af91155123bb96538ed030
  YYModel: 88f4bdec25975a8f642daa0bb572b039a3ab1db1
  YYWebImage: c0825e5595bac2e972cdce0f305a7cd04f3185f7

COCOAPODS: 0.39.0
